
Microsoft Visual Studio Solution File, Format Version 12.00
# Visual Studio Version 17
VisualStudioVersion = 17.11.35312.102
MinimumVisualStudioVersion = 10.0.40219.1
Project("{FAE04EC0-301F-11D3-BF4B-00C04F79EFBC}") = "MY_02_Variables", "MY_02_Variables\MY_02_Variables.csproj", "{90C393F0-319F-4CDC-A57E-3DBAA32D886E}"
EndProject
Global
	GlobalSection(SolutionConfigurationPlatforms) = preSolution
		Debug|Any CPU = Debug|Any CPU
		Release|Any CPU = Release|Any CPU
	EndGlobalSection
	GlobalSection(ProjectConfigurationPlatforms) = postSolution
		{90C393F0-319F-4CDC-A57E-3DBAA32D886E}.Debug|Any CPU.ActiveCfg = Debug|Any CPU
		{90C393F0-319F-4CDC-A57E-3DBAA32D886E}.Debug|Any CPU.Build.0 = Debug|Any CPU
		{90C393F0-319F-4CDC-A57E-3DBAA32D886E}.Release|Any CPU.ActiveCfg = Release|Any CPU
		{90C393F0-319F-4CDC-A57E-3DBAA32D886E}.Release|Any CPU.Build.0 = Release|Any CPU
	EndGlobalSection
	GlobalSection(SolutionProperties) = preSolution
		HideSolutionNode = FALSE
	EndGlobalSection
	GlobalSection(ExtensibilityGlobals) = postSolution
		SolutionGuid = {67723731-C5F5-4880-9068-5DD7446DFE60}
	EndGlobalSection
EndGlobal
